
Microsoft Visual Studio Solution File, Format Version 12.00
# Visual Studio Version 16
VisualStudioVersion = 16.0.29020.237
MinimumVisualStudioVersion = 10.0.40219.1
Project("{9A19103F-16F7-4668-BE54-9A1E7A4F7556}") = "Speedy", "Speedy\Speedy.csproj", "{DE1FCAF6-D683-44B7-B8E3-FF6A19569C16}"
EndProject
Project("{9A19103F-16F7-4668-BE54-9A1E7A4F7556}") = "Speedy.EntityFramework", "Speedy.EntityFramework\Speedy.EntityFramework.csproj", "{E50E2118-8A6F-4FA1-A446-7571F542B844}"
EndProject
Project("{2150E333-8FDC-42A3-9474-1A3956D46DE8}") = "Solution Items", "Solution Items", "{482440A1-EDF1-4557-BC4F-FE8C8554271D}"
	ProjectSection(SolutionItems) = preProject
		Development.md = Development.md
		LICENSE.md = LICENSE.md
		README.md = README.md
	EndProjectSection
EndProject
Project("{2150E333-8FDC-42A3-9474-1A3956D46DE8}") = "Scripts", "Scripts", "{F1A7E526-B6CD-4FFA-9149-B469DA2819E3}"
	ProjectSection(SolutionItems) = preProject
		Build.ps1 = Build.ps1
		IncrementVersion.ps1 = IncrementVersion.ps1
		Publish.ps1 = Publish.ps1
	EndProjectSection
EndProject
Project("{2150E333-8FDC-42A3-9474-1A3956D46DE8}") = "Samples", "Samples", "{97180568-CCF4-4011-B690-8162BC14D032}"
EndProject
Global
	GlobalSection(SolutionConfigurationPlatforms) = preSolution
		Debug|Any CPU = Debug|Any CPU
		Debug|ARM = Debug|ARM
		Debug|ARM64 = Debug|ARM64
		Debug|iPhone = Debug|iPhone
		Debug|iPhoneSimulator = Debug|iPhoneSimulator
		Debug|x64 = Debug|x64
		Debug|x86 = Debug|x86
		Release|Any CPU = Release|Any CPU
		Release|ARM = Release|ARM
		Release|ARM64 = Release|ARM64
		Release|iPhone = Release|iPhone
		Release|iPhoneSimulator = Release|iPhoneSimulator
		Release|x64 = Release|x64
		Release|x86 = Release|x86
	EndGlobalSection
	GlobalSection(ProjectConfigurationPlatforms) = postSolution
		{DE1FCAF6-D683-44B7-B8E3-FF6A19569C16}.Debug|Any CPU.ActiveCfg = Debug|Any CPU
		{DE1FCAF6-D683-44B7-B8E3-FF6A19569C16}.Debug|Any CPU.Build.0 = Debug|Any CPU
		{DE1FCAF6-D683-44B7-B8E3-FF6A19569C16}.Debug|ARM.ActiveCfg = Debug|Any CPU
		{DE1FCAF6-D683-44B7-B8E3-FF6A19569C16}.Debug|ARM.Build.0 = Debug|Any CPU
		{DE1FCAF6-D683-44B7-B8E3-FF6A19569C16}.Debug|ARM64.ActiveCfg = Debug|Any CPU
		{DE1FCAF6-D683-44B7-B8E3-FF6A19569C16}.Debug|ARM64.Build.0 = Debug|Any CPU
		{DE1FCAF6-D683-44B7-B8E3-FF6A19569C16}.Debug|iPhone.ActiveCfg = Debug|Any CPU
		{DE1FCAF6-D683-44B7-B8E3-FF6A19569C16}.Debug|iPhone.Build.0 = Debug|Any CPU
		{DE1FCAF6-D683-44B7-B8E3-FF6A19569C16}.Debug|iPhoneSimulator.ActiveCfg = Debug|Any CPU
		{DE1FCAF6-D683-44B7-B8E3-FF6A19569C16}.Debug|iPhoneSimulator.Build.0 = Debug|Any CPU
		{DE1FCAF6-D683-44B7-B8E3-FF6A19569C16}.Debug|x64.ActiveCfg = Debug|Any CPU
		{DE1FCAF6-D683-44B7-B8E3-FF6A19569C16}.Debug|x64.Build.0 = Debug|Any CPU
		{DE1FCAF6-D683-44B7-B8E3-FF6A19569C16}.Debug|x86.ActiveCfg = Debug|Any CPU
		{DE1FCAF6-D683-44B7-B8E3-FF6A19569C16}.Debug|x86.Build.0 = Debug|Any CPU
		{DE1FCAF6-D683-44B7-B8E3-FF6A19569C16}.Release|Any CPU.ActiveCfg = Release|Any CPU
		{DE1FCAF6-D683-44B7-B8E3-FF6A19569C16}.Release|Any CPU.Build.0 = Release|Any CPU
		{DE1FCAF6-D683-44B7-B8E3-FF6A19569C16}.Release|ARM.ActiveCfg = Release|Any CPU
		{DE1FCAF6-D683-44B7-B8E3-FF6A19569C16}.Release|ARM.Build.0 = Release|Any CPU
		{DE1FCAF6-D683-44B7-B8E3-FF6A19569C16}.Release|ARM64.ActiveCfg = Release|Any CPU
		{DE1FCAF6-D683-44B7-B8E3-FF6A19569C16}.Release|ARM64.Build.0 = Release|Any CPU
		{DE1FCAF6-D683-44B7-B8E3-FF6A19569C16}.Release|iPhone.ActiveCfg = Release|Any CPU
		{DE1FCAF6-D683-44B7-B8E3-FF6A19569C16}.Release|iPhone.Build.0 = Release|Any CPU
		{DE1FCAF6-D683-44B7-B8E3-FF6A19569C16}.Release|iPhoneSimulator.ActiveCfg = Release|Any CPU
		{DE1FCAF6-D683-44B7-B8E3-FF6A19569C16}.Release|iPhoneSimulator.Build.0 = Release|Any CPU
		{DE1FCAF6-D683-44B7-B8E3-FF6A19569C16}.Release|x64.ActiveCfg = Release|Any CPU
		{DE1FCAF6-D683-44B7-B8E3-FF6A19569C16}.Release|x64.Build.0 = Release|Any CPU
		{DE1FCAF6-D683-44B7-B8E3-FF6A19569C16}.Release|x86.ActiveCfg = Release|Any CPU
		{DE1FCAF6-D683-44B7-B8E3-FF6A19569C16}.Release|x86.Build.0 = Release|Any CPU
		{E50E2118-8A6F-4FA1-A446-7571F542B844}.Debug|Any CPU.ActiveCfg = Debug|Any CPU
		{E50E2118-8A6F-4FA1-A446-7571F542B844}.Debug|Any CPU.Build.0 = Debug|Any CPU
		{E50E2118-8A6F-4FA1-A446-7571F542B844}.Debug|ARM.ActiveCfg = Debug|Any CPU
		{E50E2118-8A6F-4FA1-A446-7571F542B844}.Debug|ARM.Build.0 = Debug|Any CPU
		{E50E2118-8A6F-4FA1-A446-7571F542B844}.Debug|ARM64.ActiveCfg = Debug|Any CPU
		{E50E2118-8A6F-4FA1-A446-7571F542B844}.Debug|ARM64.Build.0 = Debug|Any CPU
		{E50E2118-8A6F-4FA1-A446-7571F542B844}.Debug|iPhone.ActiveCfg = Debug|Any CPU
		{E50E2118-8A6F-4FA1-A446-7571F542B844}.Debug|iPhone.Build.0 = Debug|Any CPU
		{E50E2118-8A6F-4FA1-A446-7571F542B844}.Debug|iPhoneSimulator.ActiveCfg = Debug|Any CPU
		{E50E2118-8A6F-4FA1-A446-7571F542B844}.Debug|iPhoneSimulator.Build.0 = Debug|Any CPU
		{E50E2118-8A6F-4FA1-A446-7571F542B844}.Debug|x64.ActiveCfg = Debug|Any CPU
		{E50E2118-8A6F-4FA1-A446-7571F542B844}.Debug|x64.Build.0 = Debug|Any CPU
		{E50E2118-8A6F-4FA1-A446-7571F542B844}.Debug|x86.ActiveCfg = Debug|Any CPU
		{E50E2118-8A6F-4FA1-A446-7571F542B844}.Debug|x86.Build.0 = Debug|Any CPU
		{E50E2118-8A6F-4FA1-A446-7571F542B844}.Release|Any CPU.ActiveCfg = Release|Any CPU
		{E50E2118-8A6F-4FA1-A446-7571F542B844}.Release|Any CPU.Build.0 = Release|Any CPU
		{E50E2118-8A6F-4FA1-A446-7571F542B844}.Release|ARM.ActiveCfg = Release|Any CPU
		{E50E2118-8A6F-4FA1-A446-7571F542B844}.Release|ARM.Build.0 = Release|Any CPU
		{E50E2118-8A6F-4FA1-A446-7571F542B844}.Release|ARM64.ActiveCfg = Release|Any CPU
		{E50E2118-8A6F-4FA1-A446-7571F542B844}.Release|ARM64.Build.0 = Release|Any CPU
		{E50E2118-8A6F-4FA1-A446-7571F542B844}.Release|iPhone.ActiveCfg = Release|Any CPU
		{E50E2118-8A6F-4FA1-A446-7571F542B844}.Release|iPhone.Build.0 = Release|Any CPU
		{E50E2118-8A6F-4FA1-A446-7571F542B844}.Release|iPhoneSimulator.ActiveCfg = Release|Any CPU
		{E50E2118-8A6F-4FA1-A446-7571F542B844}.Release|iPhoneSimulator.Build.0 = Release|Any CPU
		{E50E2118-8A6F-4FA1-A446-7571F542B844}.Release|x64.ActiveCfg = Release|Any CPU
		{E50E2118-8A6F-4FA1-A446-7571F542B844}.Release|x64.Build.0 = Release|Any CPU
		{E50E2118-8A6F-4FA1-A446-7571F542B844}.Release|x86.ActiveCfg = Release|Any CPU
		{E50E2118-8A6F-4FA1-A446-7571F542B844}.Release|x86.Build.0 = Release|Any CPU
	EndGlobalSection
	GlobalSection(SolutionProperties) = preSolution
		HideSolutionNode = FALSE
	EndGlobalSection
	GlobalSection(ExtensibilityGlobals) = postSolution
		SolutionGuid = {9A7D8285-DDDC-4328-8A42-854FAC743947}
	EndGlobalSection
EndGlobal
